
Microsoft Visual Studio Solution File, Format Version 12.00
# Visual Studio Version 16
VisualStudioVersion = 16.0.29215.179
MinimumVisualStudioVersion = 10.0.40219.1
Project("{FAE04EC0-301F-11D3-BF4B-00C04F79EFBC}") = "HelloWorld", "HelloWorld\HelloWorld.csproj", "{8D8C582F-DF20-4015-82D0-5E31134261D3}"
EndProject
Global
	GlobalSection(SolutionConfigurationPlatforms) = preSolution
		Debug|Any CPU = Debug|Any CPU
		Release|Any CPU = Release|Any CPU
	EndGlobalSection
	GlobalSection(ProjectConfigurationPlatforms) = postSolution
		{8D8C582F-DF20-4015-82D0-5E31134261D3}.Debug|Any CPU.ActiveCfg = Debug|Any CPU
		{8D8C582F-DF20-4015-82D0-5E31134261D3}.Debug|Any CPU.Build.0 = Debug|Any CPU
		{8D8C582F-DF20-4015-82D0-5E31134261D3}.Release|Any CPU.ActiveCfg = Release|Any CPU
		{8D8C582F-DF20-4015-82D0-5E31134261D3}.Release|Any CPU.Build.0 = Release|Any CPU
	EndGlobalSection
	GlobalSection(SolutionProperties) = preSolution
		HideSolutionNode = FALSE
	EndGlobalSection
	GlobalSection(ExtensibilityGlobals) = postSolution
		SolutionGuid = {26A66547-7224-4212-AE61-C8873B2340FD}
	EndGlobalSection
EndGlobal
