
Microsoft Visual Studio Solution File, Format Version 12.00
# Visual Studio Version 16
VisualStudioVersion = 16.0.29215.179
MinimumVisualStudioVersion = 10.0.40219.1
Project("{FAE04EC0-301F-11D3-BF4B-00C04F79EFBC}") = "ReadWriteExample", "ReadWriteExample\ReadWriteExample.csproj", "{C079A3BD-1C2D-446F-ABD1-66AC61964C6A}"
EndProject
Global
	GlobalSection(SolutionConfigurationPlatforms) = preSolution
		Debug|Any CPU = Debug|Any CPU
		Release|Any CPU = Release|Any CPU
	EndGlobalSection
	GlobalSection(ProjectConfigurationPlatforms) = postSolution
		{C079A3BD-1C2D-446F-ABD1-66AC61964C6A}.Debug|Any CPU.ActiveCfg = Debug|Any CPU
		{C079A3BD-1C2D-446F-ABD1-66AC61964C6A}.Debug|Any CPU.Build.0 = Debug|Any CPU
		{C079A3BD-1C2D-446F-ABD1-66AC61964C6A}.Release|Any CPU.ActiveCfg = Release|Any CPU
		{C079A3BD-1C2D-446F-ABD1-66AC61964C6A}.Release|Any CPU.Build.0 = Release|Any CPU
	EndGlobalSection
	GlobalSection(SolutionProperties) = preSolution
		HideSolutionNode = FALSE
	EndGlobalSection
	GlobalSection(ExtensibilityGlobals) = postSolution
		SolutionGuid = {D61B8BD7-7B73-4484-AA03-888CC53A3F99}
	EndGlobalSection
EndGlobal
